github.com/BurntSushi/toml v0.3.1/go.mod h1:xHWCNGjB5oqiDr8zfno3MHue2Ht5sIBksp03qcyfWMU=
github.com/ONSdigital/dp-api-clients-go v1.28.0/go.mod h1:iyJy6uRL4B6OYOJA0XMr5UHt6+Q8XmN9uwmURO+9Oj4=
github.com/ONSdigital/dp-api-clients-go v1.34.3/go.mod h1:kX+YKuoLYLfkeLHMvQKRRydZVxO7ZEYyYiwG2xhV51E=
github.com/ONSdigital/dp-api-clients-go v1.41.1/go.mod h1:Ga1+ANjviu21NFJI9wp5NctJIdB4TJLDGbpQFl2V8Wc=
github.com/ONSdigital/dp-api-clients-go v1.43.0 h1:0982P/YxnYXvba1RhEcFmwF3xywC4eXokWQ8YH3Mm24=
github.com/ONSdigital/dp-api-clients-go v1.43.0/go.mod h1:V5MfINik+o3OAF985UXUoMjXIfrZe3JKYa5AhZn5jts=
github.com/ONSdigital/dp-api-clients-go/v2 v2.263.0 h1:vIAhsWAck+wRB8nGzyqQGQUxZvMHwGej/BTLYl2kR6k=
github.com/ONSdigital/dp-api-clients-go/v2 v2.263.0/go.mod h1:CBojolwIGblIxhVOxO9u7T5YXd0i8usNufPhcvqwwLs=
github.com/ONSdigital/dp-component-test v0.15.0 h1:YGeucHFP6aG/4qmGSd0wytuOAFbwxoQk8wwfdnhb9O8=
github.com/ONSdigital/dp-component-test v0.15.0/go.mod h1:TVITY7ndFI/FICq8gPOF6lF3ZtyOffG/v2u46GtXR+Q=
github.com/ONSdigital/dp-healthcheck v1.0.5/go.mod h1:2wbVAUHMl9+4tWhUlxYUuA1dnf2+NrwzC+So5f5BMLk=
github.com/ONSdigital/dp-healthcheck v1.1.0/go.mod h1:vZwyjMJiCHjp/sJ2R1ZEqzZT0rJ0+uHVGwxqdP4J5vg=
github.com/ONSdigital/dp-healthcheck v1.2.3/go.mod h1:XUhXoDIWPCdletDtpDOoXhmDFcc9b/kbedx96jN75aI=
github.com/ONSdigital/dp-healthcheck v1.6.3 h1:EekpiLjiXQtetNDmworUhZZMDvcG70b2cZYhVhEuUSs=
github.com/ONSdigital/dp-healthcheck v1.6.3/go.mod h1:qZXdjvZoSbMW/YLmzMZobnvbP5onaVwKhj2yDi6JXdY=
github.com/ONSdigital/dp-kafka/v2 v2.5.0 h1:VIhJwf5soKGxtiVjdG2Td21M08acrPwfsDLlCHEgwSU=
github.com/ONSdigital/dp-kafka/v2 v2.5.0/go.mod h1:8fTKJ8F06nmTA3ixRnbUwfi9n+sQDfltw5d9uLJQtug=
github.com/ONSdigital/dp-kafka/v3 v3.3.1 h1:m1oooDZMEtgBfH4ivW34NIsy5UByE4QLxZnq8FyjuxI=
github.com/ONSdigital/dp-kafka/v3 v3.3.1/go.mod h1:bySDK5zjXa5/27swhjK/iFgPDu39ZoENHK0nv1xIBPc=
github.com/ONSdigital/dp-mocking v0.0.0-20190905163309-fee2702ad1b9/go.mod h1:BcIRgitUju//qgNePRBmNjATarTtynAgc0yV29VpLEk=
github.com/ONSdigital/dp-mongodb-in-memory v1.7.0 h1:lBmjAOfnp4JPZU/Krq+ad1sqknTwUZrUp+rFHoMfr8s=
github.com/ONSdigital/dp-mongodb-in-memory v1.7.0/go.mod h1:78zt2X+mhXlPlDoaAX19Hu462XPJIW/llN2vcUAAWSc=
github.com/ONSdigital/dp-net v1.0.5-0.20200805082802-e518bc287596/go.mod h1:wDVhk2pYosQ1q6PXxuFIRYhYk2XX5+1CeRRnXpSczPY=
github.com/ONSdigital/dp-net v1.0.5-0.20200805145012-9227a11caddb/go.mod h1:MrSZwDUvp8u1VJEqa+36Gwq4E7/DdceW+BDCvGes6Cs=
github.com/ONSdigital/dp-net v1.0.5-0.20200805150805-cac050646ab5/go.mod h1:de3LB9tedE0tObBwa12dUOt5rvTW4qQkF5rXtt4b6CE=
github.com/ONSdigital/dp-net v1.0.7/go.mod h1:1QFzx32FwPKD2lgZI6MtcsUXritsBdJihlzIWDrQ/gc=
github.com/ONSdigital/dp-net v1.0.12/go.mod h1:2lvIKOlD4T3BjWQwjHhBUO2UNWDk82u/+mHRn0R3C9A=
github.com/ONSdigital/dp-net v1.2.0/go.mod h1:NinlaqcsPbIR+X7j5PXCl3UI5G2zCL041SDF6WIiiO4=
github.com/ONSdigital/dp-net v1.5.0 h1:H47O5N+eXyXCYqPoQGWwuK12uLds3pCgzxpYwepg+bQ=
github.com/ONSdigital/dp-net v1.5.0/go.mod h1:d/S4n6FJlQwmVIa2rnVt1HnAUgM8XsG0QEJBQp48uGg=
github.com/ONSdigital/dp-net/v2 v2.22.0 h1:LY9C5x1+sfK9QyjNpB2G3TPvAtSuOFR9FRcXsR9twqs=
github.com/ONSdigital/dp-net/v2 v2.22.0/go.mod h1:F6yL3jjuVwBLVMFIKgHF3zhMRbmZysAxBiu+aIAi3Z0=
github.com/ONSdigital/dp-s3/v3 v3.0.0 h1:ylW5FDoJxrA8ciG/Ohl6yqSlqO3S3a4SUNUKSxxyoSc=
github.com/ONSdigital/dp-s3/v3 v3.0.0/go.mod h1:Wga1KP8LO8nirZnwhD9s0W48Cni0KI4i8QFw5sj/1ZI=
github.com/ONSdigital/go-ns v0.0.0-20191104121206-f144c4ec2e58 h1:XHnzoC7TxueLAfkBpblPiwaIxjngGv1VNVZhvE4jY6w=
github.com/ONSdigital/go-ns v0.0.0-20191104121206-f144c4ec2e58/go.mod h1:iWos35il+NjbvDEqwtB736pyHru0MPFE/LqcwkV1wDc=
github.com/ONSdigital/log.go v1.0.0/go.mod h1:UnGu9Q14gNC+kz0DOkdnLYGoqugCvnokHBRBxFRpVoQ=
github.com/ONSdigital/log.go v1.0.1-0.20200805084515-ee61165ea36a/go.mod h1:dDnQATFXCBOknvj6ZQuKfmDhbOWf3e8mtV+dPEfWJqs=
github.com/ONSdigital/log.go v1.0.1-0.20200805145532-1f25087a0744/go.mod h1:y4E9MYC+cV9VfjRD0UBGj8PA7H3wABqQi87/ejrDhYc=
github.com/ONSdigital/log.go v1.0.1/go.mod h1:dIwSXuvFB5EsZG5x44JhsXZKMd80zlb0DZxmiAtpL4M=
github.com/ONSdigital/log.go v1.1.0/go.mod h1:0hOVuYR3bDUI30VRo48d5KHfJIoe+spuPXqgt6UF78o=
github.com/ONSdigital/log.go/v2 v2.0.0/go.mod h1:PR7vXrv9dZKUc7SI/0toxBbStk84snmybBnWpe+xY2o=
github.com/ONSdigital/log.go/v2 v2.0.5/go.mod h1:PR7vXrv9dZKUc7SI/0toxBbStk84snmybBnWpe+xY2o=
github.com/ONSdigital/log.go/v2 v2.0.9/go.mod h1:VyTDkL82FtiAkaNFaT+bURBhLbP7NsIx4rkVbdpiuEg=
github.com/ONSdigital/log.go/v2 v2.4.3 h1:zTW5ZV3+ytqypS7opcDkjBP+k45I+XoTuP/IPlm5oUg=
github.com/ONSdigital/log.go/v2 v2.4.3/go.mod h1:2TiXCcEsIlDBH9f+4D0NybZPecobd++dphJv2GqVDb0=
github.com/Shopify/sarama v1.30.1 h1:z47lP/5PBw2UVKf1lvfS5uWXaJws6ggk9PLnKEHtZiQ=
github.com/Shopify/sarama v1.30.1/go.mod h1:hGgx05L/DiW8XYBXeJdKIN6V2QUy2H6JqME5VT1NLRw=
github.com/Shopify/toxiproxy/v2 v2.1.6-0.20210914104332-15ea381dcdae h1:ePgznFqEG1v3AjMklnK8H7BSc++FDSo7xfK9K7Af+0Y=
github.com/Shopify/toxiproxy/v2 v2.1.6-0.20210914104332-15ea381dcdae/go.mod h1:/cvHQkZ1fst0EmZnA5dFtiQdWCNCFYzb+uE2vqVgvx0=
github.com/aws/aws-sdk-go v1.55.5 h1:KKUZBfBoyqy5d3swXyiC7Q76ic40rYcbqH7qjh59kzU=
github.com/aws/aws-sdk-go v1.55.5/go.mod h1:eRwEWoyTWFMVYVQzKMNHWP5/RV4xIUGMQfXQHfHkpNU=
github.com/aws/aws-sdk-go-v2 v1.36.3 h1:mJoei2CxPutQVxaATCzDUjcZEjVRdpsiiXi2o38yqWM=
github.com/aws/aws-sdk-go-v2 v1.36.3/go.mod h1:LLXuLpgzEbD766Z5ECcRmi8AzSwfZItDtmABVkRLGzg=
github.com/aws/aws-sdk-go-v2/aws/protocol/eventstream v1.6.10 h1:zAybnyUQXIZ5mok5Jqwlf58/TFE7uvd3IAsa1aF9cXs=
github.com/aws/aws-sdk-go-v2/aws/protocol/eventstream v1.6.10/go.mod h1:qqvMj6gHLR/EXWZw4ZbqlPbQUyenf4h82UQUlKc+l14=
github.com/aws/aws-sdk-go-v2/config v1.29.9 h1:Kg+fAYNaJeGXp1vmjtidss8O2uXIsXwaRqsQJKXVr+0=
github.com/aws/aws-sdk-go-v2/config v1.29.9/go.mod h1:oU3jj2O53kgOU4TXq/yipt6ryiooYjlkqqVaZk7gY/U=
github.com/aws/aws-sdk-go-v2/credentials v1.17.62 h1:fvtQY3zFzYJ9CfixuAQ96IxDrBajbBWGqjNTCa79ocU=
github.com/aws/aws-sdk-go-v2/credentials v1.17.62/go.mod h1:ElETBxIQqcxej++Cs8GyPBbgMys5DgQPTwo7cUPDKt8=
github.com/aws/aws-sdk-go-v2/feature/ec2/imds v1.16.30 h1:x793wxmUWVDhshP8WW2mlnXuFrO4cOd3HLBroh1paFw=
github.com/aws/aws-sdk-go-v2/feature/ec2/imds v1.16.30/go.mod h1:Jpne2tDnYiFascUEs2AWHJL9Yp7A5ZVy3TNyxaAjD6M=
github.com/aws/aws-sdk-go-v2/feature/s3/manager v1.17.65 h1:03zF9oWZyXvw08Say761JGpE9PbeGPd4FAmdpgDAm/I=
github.com/aws/aws-sdk-go-v2/feature/s3/manager v1.17.65/go.mod h1:hBobvLKm46Igpcw6tkq9hFUmU14iAOrC5KL6EyYYckA=
github.com/aws/aws-sdk-go-v2/internal/configsources v1.3.34 h1:ZK5jHhnrioRkUNOc+hOgQKlUL5JeC3S6JgLxtQ+Rm0Q=
github.com/aws/aws-sdk-go-v2/internal/configsources v1.3.34/go.mod h1:p4VfIceZokChbA9FzMbRGz5OV+lekcVtHlPKEO0gSZY=
github.com/aws/aws-sdk-go-v2/internal/endpoints/v2 v2.6.34 h1:SZwFm17ZUNNg5Np0ioo/gq8Mn6u9w19Mri8DnJ15Jf0=
github.com/aws/aws-sdk-go-v2/internal/endpoints/v2 v2.6.34/go.mod h1:dFZsC0BLo346mvKQLWmoJxT+Sjp+qcVR1tRVHQGOH9Q=
github.com/aws/aws-sdk-go-v2/internal/ini v1.8.3 h1:bIqFDwgGXXN1Kpp99pDOdKMTTb5d2KyU5X/BZxjOkRo=
github.com/aws/aws-sdk-go-v2/internal/ini v1.8.3/go.mod h1:H5O/EsxDWyU+LP/V8i5sm8cxoZgc2fdNR9bxlOFrQTo=
github.com/aws/aws-sdk-go-v2/internal/v4a v1.3.34 h1:ZNTqv4nIdE/DiBfUUfXcLZ/Spcuz+RjeziUtNJackkM=
github.com/aws/aws-sdk-go-v2/internal/v4a v1.3.34/go.mod h1:zf7Vcd1ViW7cPqYWEHLHJkS50X0JS2IKz9Cgaj6ugrs=
github.com/aws/aws-sdk-go-v2/service/internal/accept-encoding v1.12.3 h1:eAh2A4b5IzM/lum78bZ590jy36+d/aFLgKF/4Vd1xPE=
github.com/aws/aws-sdk-go-v2/service/internal/accept-encoding v1.12.3/go.mod h1:0yKJC/kb8sAnmlYa6Zs3QVYqaC8ug2AbnNChv5Ox3uA=
github.com/aws/aws-sdk-go-v2/service/internal/checksum v1.6.2 h1:t/gZFyrijKuSU0elA5kRngP/oU3mc0I+Dvp8HwRE4c0=
github.com/aws/aws-sdk-go-v2/service/internal/checksum v1.6.2/go.mod h1:iu6FSzgt+M2/x3Dk8zhycdIcHjEFb36IS8HVUVFoMg0=
github.com/aws/aws-sdk-go-v2/service/internal/presigned-url v1.12.15 h1:dM9/92u2F1JbDaGooxTq18wmmFzbJRfXfVfy96/1CXM=
github.com/aws/aws-sdk-go-v2/service/internal/presigned-url v1.12.15/go.mod h1:SwFBy2vjtA0vZbjjaFtfN045boopadnoVPhu4Fv66vY=
github.com/aws/aws-sdk-go-v2/service/internal/s3shared v1.18.15 h1:moLQUoVq91LiqT1nbvzDukyqAlCv89ZmwaHw/ZFlFZg=
github.com/aws/aws-sdk-go-v2/service/internal/s3shared v1.18.15/go.mod h1:ZH34PJUc8ApjBIfgQCFvkWcUDBtl/WTD+uiYHjd8igA=
github.com/aws/aws-sdk-go-v2/service/s3 v1.78.1 h1:1M0gSbyP6q06gl3384wpoKPaH9G16NPqZFieEhLboSU=
github.com/aws/aws-sdk-go-v2/service/s3 v1.78.1/go.mod h1:4qzsZSzB/KiX2EzDjs9D7A8rI/WGJxZceVJIHqtJjIU=
github.com/aws/aws-sdk-go-v2/service/sso v1.25.1 h1:8JdC7Gr9NROg1Rusk25IcZeTO59zLxsKgE0gkh5O6h0=
github.com/aws/aws-sdk-go-v2/service/sso v1.25.1/go.mod h1:qs4a9T5EMLl/Cajiw2TcbNt2UNo/Hqlyp+GiuG4CFDI=
github.com/aws/aws-sdk-go-v2/service/ssooidc v1.29.1 h1:KwuLovgQPcdjNMfFt9OhUd9a2OwcOKhxfvF4glTzLuA=
github.com/aws/aws-sdk-go-v2/service/ssooidc v1.29.1/go.mod h1:MlYRNmYu/fGPoxBQVvBYr9nyr948aY/WLUvwBMBJubs=
github.com/aws/aws-sdk-go-v2/service/sts v1.33.17 h1:PZV5W8yk4OtH1JAuhV2PXwwO9v5G5Aoj+eMCn4T+1Kc=
github.com/aws/aws-sdk-go-v2/service/sts v1.33.17/go.mod h1:cQnB8CUnxbMU82JvlqjKR2HBOm3fe9pWorWBza6MBJ4=
github.com/aws/smithy-go v1.22.3 h1:Z//5NuZCSW6R4PhQ93hShNbyBbn8BWCmCVCt+Q8Io5k=
github.com/aws/smithy-go v1.22.3/go.mod h1:t1ufH5HMublsJYulve2RKmHDC15xu1f26kHCp/HgceI=
github.com/chromedp/cdproto v0.0.0-20250101192427-60a0ca35cb84 h1:NXWP4iSVz4BPGk7Z/fPXL0c44hiWbrbyhBY0LwKKZnY=
github.com/chromedp/cdproto v0.0.0-20250101192427-60a0ca35cb84/go.mod h1:4XqMl3iIW08jtieURWL6Tt5924w21pxirC6th662XUM=
github.com/chromedp/chromedp v0.11.2 h1:ZRHTh7DjbNTlfIv3NFTbB7eVeu5XCNkgrpcGSpn2oX0=
github.com/chromedp/chromedp v0.11.2/go.mod h1:lr8dFRLKsdTTWb75C/Ttol2vnBKOSnt0BW8R9Xaupi8=
github.com/chromedp/sysutil v1.1.0 h1:PUFNv5EcprjqXZD9nJb9b/c9ibAbxiYo4exNWZyipwM=
github.com/chromedp/sysutil v1.1.0/go.mod h1:WiThHUdltqCNKGc4gaU50XgYjwjYIhKWoHGPTUfWTJ8=
github.com/cpuguy83/go-md2man/v2 v2.0.0-20190314233015-f79a8a8ca69d/go.mod h1:maD7wRr/U5Z6m/iR4s+kqSMx2CaBsrgA7czyZG/E6dU=
github.com/cpuguy83/go-md2man/v2 v2.0.2/go.mod h1:tgQtvFlXSQOSOSIRvRPT7W67SCa46tRHOmNcaadrF8o=
github.com/creack/pty v1.1.9/go.mod h1:oKZEueFk5CKHvIhNR5MUki03XCEU+Q6VDXinZuGJ33E=
github.com/cucumber/gherkin/go/v26 v26.2.0 h1:EgIjePLWiPeslwIWmNQ3XHcypPsWAHoMCz/YEBKP4GI=
github.com/cucumber/gherkin/go/v26 v26.2.0/go.mod h1:t2GAPnB8maCT4lkHL99BDCVNzCh1d7dBhCLt150Nr/0=
github.com/cucumber/godog v0.15.0 h1:51AL8lBXF3f0cyA5CV4TnJFCTHpgiy+1x1Hb3TtZUmo=
github.com/cucumber/godog v0.15.0/go.mod h1:FX3rzIDybWABU4kuIXLZ/qtqEe1Ac5RdXmqvACJOces=
github.com/cucumber/messages/go/v21 v21.0.1 h1:wzA0LxwjlWQYZd32VTlAVDTkW6inOFmSM+RuOwHZiMI=
github.com/cucumber/messages/go/v21 v21.0.1/go.mod h1:zheH/2HS9JLVFukdrsPWoPdmUtmYQAQPLk7w5vWsk5s=
github.com/cucumber/messages/go/v22 v22.0.0/go.mod h1:aZipXTKc0JnjCsXrJnuZpWhtay93k7Rn3Dee7iyPJjs=
github.com/davecgh/go-spew v1.1.0/go.mod h1:J7Y8YcW2NihsgmVo/mv3lAwl/skON4iLHjSsI+c5H38=
github.com/davecgh/go-spew v1.1.1 h1:vj9j/u1bqnvCEfJOwUhtlOARqs3+rkHYY13jYWTU97c=
github.com/davecgh/go-spew v1.1.1/go.mod h1:J7Y8YcW2NihsgmVo/mv3lAwl/skON4iLHjSsI+c5H38=
github.com/eapache/go-resiliency v1.2.0 h1:v7g92e/KSN71Rq7vSThKaWIq68fL4YHvWyiUKorFR1Q=
github.com/eapache/go-resiliency v1.2.0/go.mod h1:kFI+JgMyC7bLPUVY133qvEBtVayf5mFgVsvEsIPBvNs=
github.com/eapache/go-xerial-snappy v0.0.0-20180814174437-776d5712da21 h1:YEetp8/yCZMuEPMUDHG0CW/brkkEp8mzqk2+ODEitlw=
github.com/eapache/go-xerial-snappy v0.0.0-20180814174437-776d5712da21/go.mod h1:+020luEh2TKB4/GOp8oxxtq0Daoen/Cii55CzbTV6DU=
github.com/eapache/queue v1.1.0 h1:YOEu7KNc61ntiQlcEeUIoDTJ2o8mQznoNvUhiigpIqc=
github.com/eapache/queue v1.1.0/go.mod h1:6eCeP0CKFpHLu8blIFXhExK/dRa7WDZfr6jVFPTqq+I=
github.com/facebookgo/freeport v0.0.0-20150612182905-d4adf43b75b9/go.mod h1:uPmAp6Sws4L7+Q/OokbWDAK1ibXYhB3PXFP1kol5hPg=
github.com/fatih/color v1.9.0/go.mod h1:eQcE1qtQxscV5RaZvpXrrb8Drkc3/DdQ+uUYCNjL+zU=
github.com/fatih/color v1.10.0/go.mod h1:ELkj/draVOlAH/xkhN6mQ50Qd0MPOk5AAr3maGEBuJM=
github.com/fatih/color v1.12.0/go.mod h1:ELkj/draVOlAH/xkhN6mQ50Qd0MPOk5AAr3maGEBuJM=
github.com/fatih/color v1.13.0/go.mod h1:kLAiJbzzSOZDVNGyDpeOxJ47H46qBXwg5ILebYFFOfk=
github.com/fatih/color v1.18.0 h1:S8gINlzdQ840/4pfAwic/ZE0djQEH3wM94VfqLTZcOM=
github.com/fatih/color v1.18.0/go.mod h1:4FelSpRwEGDpQ12mAdzqdOukCy4u8WUtOY6lkT/6HfU=
github.com/fortytw2/leaktest v1.3.0 h1:u8491cBMTQ8ft8aeV+adlcytMZylmA5nnwwkRZjI8vw=
github.com/fortytw2/leaktest v1.3.0/go.mod h1:jDsjWgpAGjm2CA7WthBh/CdZYEPF31XHquHwclZch5g=
github.com/frankban/quicktest v1.11.3 h1:8sXhOn0uLys67V8EsXLc6eszDs8VXWxL3iRvebPhedY=
github.com/frankban/quicktest v1.11.3/go.mod h1:wRf/ReqHper53s+kmmSZizM8NamnL3IM0I9ntUbOk+k=
github.com/go-avro/avro v0.0.0-20171219232920-444163702c11 h1:yswqe8UdKNWn4kjh1YTaAbvOSPeg95xhW7h4qeICL5E=
github.com/go-avro/avro v0.0.0-20171219232920-444163702c11/go.mod h1:kxj6THYP0dmFPk4Z+bijIAhJoGgeBfyOKXMduhvdJPA=
github.com/go-logr/logr v1.2.2/go.mod h1:jdQByPbusPIv2/zmleS9BjJVeZ6kBagPoEUsqbVz/1A=
github.com/go-logr/logr v1.4.2 h1:6pFjapn8bFcIbiKo3XT4j/BhANplGihG6tvd+8rYgrY=
github.com/go-logr/logr v1.4.2/go.mod h1:9T104GzyrTigFIr8wt5mBrctHMim0Nb2HLGrmQ40KvY=
github.com/go-logr/stdr v1.2.2 h1:hSWxHoqTgW2S2qGc0LTAI563KZ5YKYRhT3MFKZMbjag=
github.com/go-logr/stdr v1.2.2/go.mod h1:mMo/vtBO5dYbehREoey6XUKy/eSumjCCveDpRre4VKE=
github.com/gobwas/httphead v0.1.0 h1:exrUm0f4YX0L7EBwZHuCF4GDp8aJfVeBrlLQrs6NqWU=
github.com/gobwas/httphead v0.1.0/go.mod h1:O/RXo79gxV8G+RqlR/otEwx4Q36zl9rqC5u12GKvMCM=
github.com/gobwas/pool v0.2.1 h1:xfeeEhW7pwmX8nuLVlqbzVc7udMDrwetjEv+TZIz1og=
github.com/gobwas/pool v0.2.1/go.mod h1:q8bcK0KcYlCgd9e7WYLm9LpyS+YeLd8JVDW6WezmKEw=
github.com/gobwas/ws v1.4.0 h1:CTaoG1tojrh4ucGPcoJFiAQUAsEWekEWvLy7GsVNqGs=
github.com/gobwas/ws v1.4.0/go.mod h1:G3gNqMNtPppf5XUz7O4shetPpcZ1VJ7zt18dlUeakrc=
github.com/gofrs/uuid v4.2.0+incompatible/go.mod h1:b2aQJv3Z4Fp6yNu3cdSllBxTCLRxnplIgP/c0N/04lM=
github.com/gofrs/uuid v4.3.1+incompatible/go.mod h1:b2aQJv3Z4Fp6yNu3cdSllBxTCLRxnplIgP/c0N/04lM=
github.com/gofrs/uuid v4.4.0+incompatible h1:3qXRTX8/NbyulANqlc0lchS1gqAVxRgsuW1YrTJupqA=
github.com/gofrs/uuid v4.4.0+incompatible/go.mod h1:b2aQJv3Z4Fp6yNu3cdSllBxTCLRxnplIgP/c0N/04lM=
github.com/golang/mock v1.4.4/go.mod h1:l3mdAwkq5BuhzHwde/uurv3sEJeZMXNpwsxVWU71h+4=
github.com/golang/snappy v0.0.4 h1:yAGX7huGHXlcLOEtBnF4w7FQwA26wojNCwOYAEhLjQM=
github.com/golang/snappy v0.0.4/go.mod h1:/XxbfmMg8lxefKM7IXC3fBNl/7bRcc72aCRzEWrmP2Q=
github.com/google/go-cmp v0.5.4/go.mod h1:v8dTdLbMG2kIc/vJvl+f65V22dbkXbowE6jgT/gNBxE=
github.com/google/go-cmp v0.5.5/go.mod h1:v8dTdLbMG2kIc/vJvl+f65V22dbkXbowE6jgT/gNBxE=
github.com/google/go-cmp v0.6.0 h1:ofyhxvXcZhMsU5ulbFiLKl/XBFqE1GSq7atu8tAmTRI=
github.com/google/go-cmp v0.6.0/go.mod h1:17dUlkBOakJ0+DkrSSNjCkIjxS6bF9zb3elmeNGIjoY=
github.com/gopherjs/gopherjs v0.0.0-20181017120253-0766667cb4d1/go.mod h1:wJfORRmW1u3UXTncJ5qlYoELFm8eSnnEO6hX4iZ3EWY=
github.com/gopherjs/gopherjs v0.0.0-20210202160940-bed99a852dfe/go.mod h1:wJfORRmW1u3UXTncJ5qlYoELFm8eSnnEO6hX4iZ3EWY=
github.com/gopherjs/gopherjs v1.17.2 h1:fQnZVsXk8uxXIStYb0N4bGk7jeyTalG/wsZjQ25dO0g=
github.com/gopherjs/gopherjs v1.17.2/go.mod h1:pRRIvn/QzFLrKfvEz3qUuEhtE/zLCWfreZ6J5gM2i+k=
github.com/gorilla/mux v1.8.0/go.mod h1:DVbg23sWSpFRCP0SfiEN6jmj59UnW/n46BH5rLB71So=
github.com/gorilla/mux v1.8.1 h1:TuBL49tXwgrFYWhqrNgrUNEY92u81SPhu7sTdzQEiWY=
github.com/gorilla/mux v1.8.1/go.mod h1:AKf9I4AEqPTmMytcMc0KkNouC66V3BtZ4qD5fmWSiMQ=
github.com/gorilla/securecookie v1.1.1/go.mod h1:ra0sb63/xPlUeL+yeDciTfxMRAA+MP+HVt/4epWDjd4=
github.com/gorilla/sessions v1.2.1/go.mod h1:dk2InVEVJ0sfLlnXv9EAgkf6ecYs/i80K/zI+bUmuGM=
github.com/hashicorp/go-immutable-radix v1.3.0/go.mod h1:0y9vanUI8NX6FsYoO3zeMjhV/C5i9g4Q3DwcSNZ4P60=
github.com/hashicorp/go-immutable-radix v1.3.1 h1:DKHmCUm2hRBK510BaiZlwvpD40f8bJFeZnpfm2KLowc=
github.com/hashicorp/go-immutable-radix v1.3.1/go.mod h1:0y9vanUI8NX6FsYoO3zeMjhV/C5i9g4Q3DwcSNZ4P60=
github.com/hashicorp/go-memdb v1.3.4 h1:XSL3NR682X/cVk2IeV0d70N4DZ9ljI885xAEU8IoK3c=
github.com/hashicorp/go-memdb v1.3.4/go.mod h1:uBTr1oQbtuMgd1SSGoR8YV27eT3sBHbYiNm53bMpgSg=
github.com/hashicorp/go-uuid v1.0.0/go.mod h1:6SBZvOh/SIDV7/2o3Jml5SYk/TvGqwFJ/bN7x4byOro=
github.com/hashicorp/go-uuid v1.0.2 h1:cfejS+Tpcp13yd5nYHWDI6qVCny6wyX2Mt5SGur2IGE=
github.com/hashicorp/go-uuid v1.0.2/go.mod h1:6SBZvOh/SIDV7/2o3Jml5SYk/TvGqwFJ/bN7x4byOro=
github.com/hashicorp/golang-lru v0.5.0/go.mod h1:/m3WP610KZHVQ1SGc6re/UDhFvYD7pJ4Ao+sR/qLZy8=
github.com/hashicorp/golang-lru v0.5.4/go.mod h1:iADmTwqILo4mZ8BN3D2Q6+9jd8WM5uGBxy+E8yxSoD4=
github.com/hashicorp/golang-lru v1.0.2 h1:dV3g9Z/unq5DpblPpw+Oqcv4dU/1omnb4Ok8iPY6p1c=
github.com/hashicorp/golang-lru v1.0.2/go.mod h1:iADmTwqILo4mZ8BN3D2Q6+9jd8WM5uGBxy+E8yxSoD4=
github.com/hokaccha/go-prettyjson v0.0.0-20190818114111-108c894c2c0e/go.mod h1:pFlLw2CfqZiIBOx6BuCeRLCrfxBJipTY0nIOF/VbGcI=
github.com/hokaccha/go-prettyjson v0.0.0-20210113012101-fb4e108d2519/go.mod h1:pFlLw2CfqZiIBOx6BuCeRLCrfxBJipTY0nIOF/VbGcI=
github.com/hokaccha/go-prettyjson v0.0.0-20211117102719-0474bc63780f h1:7LYC+Yfkj3CTRcShK0KOL/w6iTiKyqqBA9a41Wnggw8=
github.com/hokaccha/go-prettyjson v0.0.0-20211117102719-0474bc63780f/go.mod h1:pFlLw2CfqZiIBOx6BuCeRLCrfxBJipTY0nIOF/VbGcI=
github.com/inconshreveable/mousetrap v1.1.0/go.mod h1:vpF70FUmC8bwa3OWnCshd2FqLfsEA9PFc4w1p2J65bw=
github.com/jcmturner/aescts/v2 v2.0.0 h1:9YKLH6ey7H4eDBXW8khjYslgyqG2xZikXP0EQFKrle8=
github.com/jcmturner/aescts/v2 v2.0.0/go.mod h1:AiaICIRyfYg35RUkr8yESTqvSy7csK90qZ5xfvvsoNs=
github.com/jcmturner/dnsutils/v2 v2.0.0 h1:lltnkeZGL0wILNvrNiVCR6Ro5PGU/SeBvVO/8c/iPbo=
github.com/jcmturner/dnsutils/v2 v2.0.0/go.mod h1:b0TnjGOvI/n42bZa+hmXL+kFJZsFT7G4t3HTlQ184QM=
github.com/jcmturner/gofork v1.0.0 h1:J7uCkflzTEhUZ64xqKnkDxq3kzc96ajM1Gli5ktUem8=
github.com/jcmturner/gofork v1.0.0/go.mod h1:MK8+TM0La+2rjBD4jE12Kj1pCCxK7d2LK/UM3ncEo0o=
github.com/jcmturner/goidentity/v6 v6.0.1 h1:VKnZd2oEIMorCTsFBnJWbExfNN7yZr3EhJAxwOkZg6o=
github.com/jcmturner/goidentity/v6 v6.0.1/go.mod h1:X1YW3bgtvwAXju7V3LCIMpY0Gbxyjn/mY9zx4tFonSg=
github.com/jcmturner/gokrb5/v8 v8.4.2 h1:6ZIM6b/JJN0X8UM43ZOM6Z4SJzla+a/u7scXFJzodkA=
github.com/jcmturner/gokrb5/v8 v8.4.2/go.mod h1:sb+Xq/fTY5yktf/VxLsE3wlfPqQjp0aWNYyvBVK62bc=
github.com/jcmturner/rpc/v2 v2.0.3 h1:7FXXj8Ti1IaVFpSAziCZWNzbNuZmnvw/i6CqLNdWfZY=
github.com/jcmturner/rpc/v2 v2.0.3/go.mod h1:VUJYCIDm3PVOEHw8sgt091/20OJjskO/YJki3ELg/Hc=
github.com/jmespath/go-jmespath v0.4.0 h1:BEgLn5cpjn8UN1mAw4NjwDrS35OdebyEtFe+9YPoQUg=
github.com/jmespath/go-jmespath v0.4.0/go.mod h1:T8mJZnbsbmF+m6zOOFylbeCJqk5+pHWvzYPziyZiYoo=
github.com/jmespath/go-jmespath/internal/testify v1.5.1 h1:shLQSRRSCCPj3f2gpwzGwWFoC7ycTf1rcQZHOlsJ6N8=
github.com/jmespath/go-jmespath/internal/testify v1.5.1/go.mod h1:L3OGu8Wl2/fWfCI6z80xFu9LTZmf1ZRjMHUOPmWr69U=
github.com/josharian/intern v1.0.0 h1:vlS4z54oSdjm0bgjRigI+G1HpF+tI+9rE5LLzOg8HmY=
github.com/josharian/intern v1.0.0/go.mod h1:5DoeVV0s6jJacbCEi61lwdGj/aVlrQvzHFFd8Hwg//Y=
github.com/jtolds/gls v4.20.0+incompatible h1:xdiiI2gbIgH/gLH7ADydsJ1uDOEzR8yvV7C0MuV77Wo=
github.com/jtolds/gls v4.20.0+incompatible/go.mod h1:QJZ7F/aHp+rZTRtaJ1ow/lLfFfVYBRgL+9YlvaHOwJU=
github.com/justinas/alice v1.2.0 h1:+MHSA/vccVCF4Uq37S42jwlkvI2Xzl7zTPCN5BnZNVo=
github.com/justinas/alice v1.2.0/go.mod h1:fN5HRH/reO/zrUflLfTN43t3vXvKzvZIENsNEe7i7qA=
github.com/kelseyhightower/envconfig v1.4.0 h1:Im6hONhd3pLkfDFsbRgu68RDNkGF1r3dvMUtDTo2cv8=
github.com/kelseyhightower/envconfig v1.4.0/go.mod h1:cccZRl6mQpaq41TPp5QxidR+Sa3axMbJDNb//FQX6Gg=
github.com/klauspost/compress v1.13.6/go.mod h1:/3/Vjq9QcHkK5uEr5lBEmyoZ1iFhe47etQ6QUkpK6sk=
github.com/klauspost/compress v1.17.11 h1:In6xLpyWOi1+C7tXUUWv2ot1QvBjxevKAaI6IXrJmUc=
github.com/klauspost/compress v1.17.11/go.mod h1:pMDklpSncoRMuLFrf1W9Ss9KT+0rH90U12bZKk7uwG0=
github.com/kr/pretty v0.2.1/go.mod h1:ipq/a2n7PKx3OHsz4KJII5eveXtPO4qwEXGdVfWzfnI=
github.com/kr/pretty v0.3.1 h1:flRD4NNwYAUpkphVc1HcthR4KEIFJ65n8Mw5qdRn3LE=
github.com/kr/pretty v0.3.1/go.mod h1:hoEshYVHaxMs3cyo3Yncou5ZscifuDolrwPKZanG3xk=
github.com/kr/pty v1.1.1/go.mod h1:pFQYn66WHrOpPYNljwOMqo10TkYh1fy3cYio2l3bCsQ=
github.com/kr/text v0.1.0/go.mod h1:4Jbv+DJW3UT/LiOwJeYQe1efqtUx/iVham/4vfdArNI=
github.com/kr/text v0.2.0 h1:5Nx0Ya0ZqY2ygV366QzturHI13Jq95ApcVaJBhpS+AY=
github.com/kr/text v0.2.0/go.mod h1:eLer722TekiGuMkidMxC/pM04lWEeraHUUmBw8l2grE=
github.com/ledongthuc/pdf v0.0.0-20220302134840-0c2507a12d80 h1:6Yzfa6GP0rIo/kULo2bwGEkFvCePZ3qHDDTC3/J9Swo=
github.com/ledongthuc/pdf v0.0.0-20220302134840-0c2507a12d80/go.mod h1:imJHygn/1yfhB7XSJJKlFZKl/J+dCPAknuiaGOshXAs=
github.com/mailru/easyjson v0.9.0 h1:PrnmzHw7262yW8sTBwxi1PdJA3Iw/EKBa8psRf7d9a4=
github.com/mailru/easyjson v0.9.0/go.mod h1:1+xMtQp2MRNVL/V1bOzuP3aP8VNwRW55fQUto+XFtTU=
github.com/mattn/go-colorable v0.1.4/go.mod h1:U0ppj6V5qS13XJ6of8GYAs25YV2eR4EVcfRqFIhoBtE=
github.com/mattn/go-colorable v0.1.8/go.mod h1:u6P/XSegPjTcexA+o6vUJrdnUu04hMope9wVRipJSqc=
github.com/mattn/go-colorable v0.1.9/go.mod h1:u6P/XSegPjTcexA+o6vUJrdnUu04hMope9wVRipJSqc=
github.com/mattn/go-colorable v0.1.14 h1:9A9LHSqF/7dyVVX6g0U9cwm9pG3kP9gSzcuIPHPsaIE=
github.com/mattn/go-colorable v0.1.14/go.mod h1:6LmQG8QLFO4G5z1gPvYEzlUgJ2wF+stgPZH1UqBm1s8=
github.com/mattn/go-isatty v0.0.8/go.mod h1:Iq45c/XA43vh69/j3iqttzPXn0bhXyGjM0Hdxcsrc5s=
github.com/mattn/go-isatty v0.0.11/go.mod h1:PhnuNfih5lzO57/f3n+odYbM4JtupLOxQOAqxQCu2WE=
github.com/mattn/go-isatty v0.0.12/go.mod h1:cbi8OIDigv2wuxKPP5vlRcQ1OAZbq2CE4Kysco4FUpU=
github.com/mattn/go-isatty v0.0.13/go.mod h1:cbi8OIDigv2wuxKPP5vlRcQ1OAZbq2CE4Kysco4FUpU=
github.com/mattn/go-isatty v0.0.14/go.mod h1:7GGIvUiUoEMVVmxf/4nioHXj79iQHKdU27kJ6hsGG94=
github.com/mattn/go-isatty v0.0.20 h1:xfD0iDuEKnDkl03q4limB+vH+GxLEtL/jb4xVJSWWEY=
github.com/mattn/go-isatty v0.0.20/go.mod h1:W+V8PltTTMOvKvAeJH7IuucS94S2C6jfK/D7dTCTo3Y=
github.com/maxcnunes/httpfake v1.2.4 h1:l7s/N7zuG6XpzG+5dUolg5SSoR3hANQxqzAkv+lREko=
github.com/maxcnunes/httpfake v1.2.4/go.mod h1:rWVxb0bLKtOUM/5hN3UO1VEdEitz1hfcTXs7UyiK6r0=
github.com/mgutz/ansi v0.0.0-20170206155736-9520e82c474b/go.mod h1:01TrycV0kFyexm33Z7vhZRXopbI8J3TDReVlkTgMUxE=
github.com/mgutz/ansi v0.0.0-20200706080929-d51e80ef957d/go.mod h1:01TrycV0kFyexm33Z7vhZRXopbI8J3TDReVlkTgMUxE=
github.com/montanaflynn/stats v0.7.1 h1:etflOAAHORrCC44V+aR6Ftzort912ZU+YLiSTuV8eaE=
github.com/montanaflynn/stats v0.7.1/go.mod h1:etXPPgVO6n31NxCd9KQUMvCM+ve0ruNzt6R8Bnaayow=
github.com/orisano/pixelmatch v0.0.0-20220722002657-fb0b55479cde h1:x0TT0RDC7UhAVbbWWBzr41ElhJx5tXPWkIHA2HWPRuw=
github.com/orisano/pixelmatch v0.0.0-20220722002657-fb0b55479cde/go.mod h1:nZgzbfBr3hhjoZnS66nKrHmduYNpc34ny7RK4z5/HM0=
github.com/pierrec/lz4 v2.6.1+incompatible h1:9UY3+iC23yxF0UfGaYrGplQ+79Rg+h/q9FV9ix19jjM=
github.com/pierrec/lz4 v2.6.1+incompatible/go.mod h1:pdkljMzZIN41W+lC3N2tnIh5sFi+IEE17M5jbnwPHcY=
github.com/pkg/errors v0.9.1 h1:FEBLx1zS214owpjy7qsBeixbURkuhQAwrK5UwLGTwt4=
github.com/pkg/errors v0.9.1/go.mod h1:bwawxfHBFNV+L2hUp1rHADufV3IMtnDRdf1r5NINEl0=
github.com/pmezard/go-difflib v1.0.0 h1:4DBwDE0NGyQoBHbLQYPwSUPoCMWR5BEzIk/f1lZbAQM=
github.com/pmezard/go-difflib v1.0.0/go.mod h1:iKH77koFhYxTK1pcRnkKkqfTogsbg7gZNVY4sRDYZ/4=
github.com/rcrowley/go-metrics v0.0.0-20201227073835-cf1acfcdf475 h1:N/ElC8H3+5XpJzTSTfLsJV/mx9Q9g7kxmchpfZyxgzM=
github.com/rcrowley/go-metrics v0.0.0-20201227073835-cf1acfcdf475/go.mod h1:bCqnVzQkZxMG4s8nGwiZ5l3QUCyqpo9Y+/ZMZ9VjZe4=
github.com/rogpeppe/go-internal v1.13.1 h1:KvO1DLK/DRN07sQ1LQKScxyZJuNnedQ5/wKSR38lUII=
github.com/rogpeppe/go-internal v1.13.1/go.mod h1:uMEvuHeurkdAXX61udpOXGD/AzZDWNMNyH2VO9fmH0o=
github.com/russross/blackfriday/v2 v2.0.1/go.mod h1:+Rmxgy9KzJVeS9/2gXHxylqXiyQDYRxCVz55jmeOWTM=
github.com/russross/blackfriday/v2 v2.1.0/go.mod h1:+Rmxgy9KzJVeS9/2gXHxylqXiyQDYRxCVz55jmeOWTM=
github.com/shurcooL/sanitized_anchor_name v1.0.0/go.mod h1:1NzhyTcUVG4SuEtjjoZeVRXNmyL/1OwPU0+IJeTBvfc=
github.com/sirupsen/logrus v1.8.1/go.mod h1:yWOB1SBYBC5VeMP7gHvWumXLIWorT60ONWic61uBYv0=
github.com/smarty/assertions v1.16.0 h1:EvHNkdRA4QHMrn75NZSoUQ/mAUXAYWfatfB01yTCzfY=
github.com/smarty/assertions v1.16.0/go.mod h1:duaaFdCS0K9dnoM50iyek/eYINOZ64gbh1Xlf6LG7AI=
github.com/smartystreets/assertions v0.0.0-20180927180507-b2de0cb4f26d/go.mod h1:OnSkiWE9lh6wB0YB77sQom3nweQdgAjqCqsofrRNTgc=
github.com/smartystreets/assertions v1.2.0/go.mod h1:tcbTF8ujkAEcZ8TElKY+i30BzYlVhC/LOxJk7iOWnoo=
github.com/smartystreets/goconvey v1.6.4/go.mod h1:syvi0/a8iFYH4r/RixwvyeAJjdLS9QV7WQ/tjFTllLA=
github.com/smartystreets/goconvey v1.7.2/go.mod h1:Vw0tHAZW6lzCRk3xgdin6fKYcG+G3Pg9vgXWeJpQFMM=
github.com/smartystreets/goconvey v1.8.1 h1:qGjIddxOk4grTu9JPOU31tVfq3cNdBlNa5sSznIX1xY=
github.com/smartystreets/goconvey v1.8.1/go.mod h1:+/u4qLyY6x1jReYOp7GOM2FSt8aP9CzCZL03bI28W60=
github.com/spf13/afero v1.11.0 h1:WJQKhtpdm3v2IzqG8VMqrr6Rf3UYpEF239Jy9wNepM8=
github.com/spf13/afero v1.11.0/go.mod h1:GH9Y3pIexgf1MTIWtNGyogA5MwRIDXGUr+hbWNoBjkY=
github.com/spf13/cobra v1.7.0/go.mod h1:uLxZILRyS/50WlhOIKD7W6V5bgeIt+4sICxh6uRMrb0=
github.com/spf13/pflag v1.0.5 h1:iy+VFUOCP1a+8yFto/drg2CJ5u0yRoB7fZw3DKv/JXA=
github.com/spf13/pflag v1.0.5/go.mod h1:McXfInJRrz4CZXVZOBLb0bTZqETkiAhM9Iw0y3An2Bg=
github.com/stretchr/objx v0.1.0/go.mod h1:HFkY916IF+rwdDfMAkV7OtwuqBVzrE8GR6GFx+wExME=
github.com/stretchr/objx v0.4.0/go.mod h1:YvHI0jy2hoMjB+UWwv71VJQ9isScKT/TqJzVSSt89Yw=
github.com/stretchr/objx v0.5.0/go.mod h1:Yh+to48EsGEfYuaHDzXPcE3xhTkx73EhmCGUpEOglKo=
github.com/stretchr/testify v1.2.2/go.mod h1:a8OnRcib4nhh0OaRAV+Yts87kKdq0PP7pXfy6kDkUVs=
github.com/stretchr/testify v1.4.0/go.mod h1:j7eGeouHqKxXV5pUuKE4zz7dFj8WfuZ+81PSLYec5m4=
github.com/stretchr/testify v1.6.1/go.mod h1:6Fq8oRcR53rry900zMqJjRRixrwX3KX962/h/Wwjteg=
github.com/stretchr/testify v1.7.0/go.mod h1:6Fq8oRcR53rry900zMqJjRRixrwX3KX962/h/Wwjteg=
github.com/stretchr/testify v1.7.1/go.mod h1:6Fq8oRcR53rry900zMqJjRRixrwX3KX962/h/Wwjteg=
github.com/stretchr/testify v1.8.0/go.mod h1:yNjHg4UonilssWZ8iaSj1OCr/vHnekPRkoO+kdMU+MU=
github.com/stretchr/testify v1.8.1/go.mod h1:w2LPCIKwWwSfY2zedu0+kehJoqGctiVI29o6fzry7u4=
github.com/stretchr/testify v1.8.2/go.mod h1:w2LPCIKwWwSfY2zedu0+kehJoqGctiVI29o6fzry7u4=
github.com/stretchr/testify v1.10.0 h1:Xv5erBjTwe/5IxqUQTdXv5kgmIvbHo3QQyRwhJsOfJA=
github.com/stretchr/testify v1.10.0/go.mod h1:r2ic/lqez/lEtzL7wO/rwa5dbSLXVDPFyf8C91i36aY=
github.com/urfave/cli/v2 v2.3.0/go.mod h1:LJmUH05zAU44vOAcrfzZQKsZbVcdbOG8rtL3/XcUArI=
github.com/xdg-go/pbkdf2 v1.0.0 h1:Su7DPu48wXMwC3bs7MCNG+z4FhcyEuz5dlvchbq0B0c=
github.com/xdg-go/pbkdf2 v1.0.0/go.mod h1:jrpuAogTd400dnrH08LKmI/xc1MbPOebTwRqcT5RDeI=
github.com/xdg-go/scram v1.0.2/go.mod h1:1WAq6h33pAW+iRreB34OORO2Nf7qel3VV3fjBj+hCSs=
github.com/xdg-go/scram v1.1.2 h1:FHX5I5B4i4hKRVRBCFRxq1iQRej7WO3hhBuJf+UUySY=
github.com/xdg-go/scram v1.1.2/go.mod h1:RT/sEzTbU5y00aCK8UOx6R7YryM0iF1N2MOmC3kKLN4=
github.com/xdg-go/stringprep v1.0.2/go.mod h1:8F9zXuvzgwmyT5DUm4GUfZGDdT3W+LCvS6+da4O5kxM=
github.com/xdg-go/stringprep v1.0.4 h1:XLI/Ng3O1Atzq0oBs3TWm+5ZVgkq2aqdlvP9JtoZ6c8=
github.com/xdg-go/stringprep v1.0.4/go.mod h1:mPGuuIYwz7CmR2bT9j4GbQqutWS1zV24gijq1dTyGkM=
github.com/youmark/pkcs8 v0.0.0-20240726163527-a2c0da244d78 h1:ilQV1hzziu+LLM3zUTJ0trRztfwgjqKnBWNtSRkbmwM=
github.com/youmark/pkcs8 v0.0.0-20240726163527-a2c0da244d78/go.mod h1:aL8wCCfTfSfmXjznFBSZNN13rSJjlIOI1fUNAtF7rmI=
github.com/yuin/goldmark v1.4.13/go.mod h1:6yULJ656Px+3vBD8DxQVa3kxgyrAnzto9xy5taEt/CY=
go.mongodb.org/mongo-driver v1.17.1 h1:Wic5cJIwJgSpBhe3lx3+/RybR5PiYRMpVFgO7cOHyIM=
go.mongodb.org/mongo-driver v1.17.1/go.mod h1:wwWm/+BuOddhcq3n68LKRmgk2wXzmF6s0SFOa0GINL4=
go.opentelemetry.io/auto/sdk v1.1.0 h1:cH53jehLUN6UFLY71z+NDOiNJqDdPRaXzTel0sJySYA=
go.opentelemetry.io/auto/sdk v1.1.0/go.mod h1:3wSPjt5PWp2RhlCcmmOial7AvC4DQqZb7a7wCow3W8A=
go.opentelemetry.io/otel v1.34.0 h1:zRLXxLCgL1WyKsPVrgbSdMN4c0FMkDAskSTQP+0hdUY=
go.opentelemetry.io/otel v1.34.0/go.mod h1:OWFPOQ+h4G8xpyjgqo4SxJYdDQ/qmRH+wivy7zzx9oI=
go.opentelemetry.io/otel/metric v1.34.0 h1:+eTR3U0MyfWjRDhmFMxe2SsW64QrZ84AOhvqS7Y+PoQ=
go.opentelemetry.io/otel/metric v1.34.0/go.mod h1:CEDrp0fy2D0MvkXE+dPV7cMi8tWZwX3dmaIhwPOaqHE=
go.opentelemetry.io/otel/trace v1.34.0 h1:+ouXS2V8Rd4hp4580a8q23bg0azF2nI8cqLYnC8mh/k=
go.opentelemetry.io/otel/trace v1.34.0/go.mod h1:Svm7lSjQD7kG7KJ/MUHPVXSDGz2OX4h0M2jHBhmSfRE=
golang.org/x/crypto v0.0.0-20190308221718-c2843e01d9a2/go.mod h1:djNgcEr1/C05ACkg1iLfiJU5Ep61QUkGW8qpdssI0+w=
golang.org/x/crypto v0.0.0-20200622213623-75b288015ac9/go.mod h1:LzIPMQfyMNhhGPhUkYOs5KpL4U8rLKemX1yGLhDgUto=
golang.org/x/crypto v0.0.0-20201112155050-0c6587e931a9/go.mod h1:LzIPMQfyMNhhGPhUkYOs5KpL4U8rLKemX1yGLhDgUto=
golang.org/x/crypto v0.0.0-20210314154223-e6e6c4f2bb5b/go.mod h1:T9bdIzuCu7OtxOm1hfPfRQxPLYneinmdGuTeoZ9dtd4=
golang.org/x/crypto v0.0.0-20210920023735-84f357641f63/go.mod h1:GvvjBRRGRdwPK5ydBHafDWAxML/pGHZbMvKqRZ5+Abc=
golang.org/x/crypto v0.0.0-20210921155107-089bfa567519/go.mod h1:GvvjBRRGRdwPK5ydBHafDWAxML/pGHZbMvKqRZ5+Abc=
golang.org/x/crypto v0.36.0 h1:AnAEvhDddvBdpY+uR+MyHmuZzzNqXSe/GvuDeob5L34=
golang.org/x/crypto v0.36.0/go.mod h1:Y4J0ReaxCR1IMaabaSMugxJES1EpwhBHhv2bDHklZvc=
golang.org/x/mod v0.6.0-dev.0.20220419223038-86c51ed26bb4/go.mod h1:jJ57K6gSWd91VN4djpZkiMVwK6gcyfeH4XE8wZrZaV4=
golang.org/x/net v0.0.0-20190311183353-d8887717615a/go.mod h1:t9HGtf8HONx5eT2rtn7q6eTqICYqUVnKs3thJo3Qplg=
golang.org/x/net v0.0.0-20190404232315-eb5bcb51f2a3/go.mod h1:t9HGtf8HONx5eT2rtn7q6eTqICYqUVnKs3thJo3Qplg=
golang.org/x/net v0.0.0-20190620200207-3b0461eec859/go.mod h1:z5CRVTTTmAJ677TzLLGU+0bjPO0LkuOLi4/5GtJWs/s=
golang.org/x/net v0.0.0-20200114155413-6afb5195e5aa/go.mod h1:z5CRVTTTmAJ677TzLLGU+0bjPO0LkuOLi4/5GtJWs/s=
golang.org/x/net v0.0.0-20200324143707-d3edc9973b7e/go.mod h1:qpuaurCH72eLCgpAm/N6yyVIVM9cpaDIP3A8BGJEC5A=
golang.org/x/net v0.0.0-20200822124328-c89045814202/go.mod h1:/O7V0waA8r7cgGh81Ro3o1hOxt32SMVPicZroKQ2sZA=
golang.org/x/net v0.0.0-20201110031124-69a78807bb2b/go.mod h1:sp8m0HH+o8qH0wwXwYZr8TS3Oi6o0r6Gce1SSxlDquU=
golang.org/x/net v0.0.0-20210226172049-e18ecbb05110/go.mod h1:m0MpNAwzfU5UDzcl9v0D8zg8gWTRqZa9RBIspLL5mdg=
golang.org/x/net v0.0.0-20210805182204-aaa1db679c0d/go.mod h1:9nx3DQGgdP8bBQD5qxJ1jj9UTztislL4KSBs9R2vV5Y=
golang.org/x/net v0.0.0-20210917221730-978cfadd31cf/go.mod h1:9nx3DQGgdP8bBQD5qxJ1jj9UTztislL4KSBs9R2vV5Y=
golang.org/x/net v0.0.0-20220722155237-a158d28d115b/go.mod h1:XRhObCWvk6IyKnWLug+ECip1KBveYUHfp+8e9klMJ9c=
golang.org/x/net v0.34.0 h1:Mb7Mrk043xzHgnRM88suvJFwzVrRfHEHJEl5/71CKw0=
golang.org/x/net v0.34.0/go.mod h1:di0qlW3YNM5oh6GqDGQr92MyTozJPmybPK4Ev/Gm31k=
golang.org/x/sync v0.0.0-20190423024810-112230192c58/go.mod h1:RxMgew5VJxzue5/jJTE5uejpjVlOe/izrB70Jof72aM=
golang.org/x/sync v0.0.0-20220722155255-886fb9371eb4/go.mod h1:RxMgew5VJxzue5/jJTE5uejpjVlOe/izrB70Jof72aM=
golang.org/x/sync v0.12.0 h1:MHc5BpPuC30uJk597Ri8TV3CNZcTLu6B6z4lJy+g6Jw=
golang.org/x/sync v0.12.0/go.mod h1:1dzgHSNfp02xaA81J2MS99Qcpr2w7fw1gpm99rleRqA=
golang.org/x/sys v0.0.0-20190215142949-d0b11bdaac8a/go.mod h1:STP8DvDyc/dI5b8T5hshtkjS+E42TnysNCUPdjciGhY=
golang.org/x/sys v0.0.0-20190222072716-a9d3bda3a223/go.mod h1:STP8DvDyc/dI5b8T5hshtkjS+E42TnysNCUPdjciGhY=
golang.org/x/sys v0.0.0-20190412213103-97732733099d/go.mod h1:h1NjWce9XRLGQEsW7wpKNCjG9DtNlClVuFLEZdDNbEs=
golang.org/x/sys v0.0.0-20191026070338-33540a1f6037/go.mod h1:h1NjWce9XRLGQEsW7wpKNCjG9DtNlClVuFLEZdDNbEs=
golang.org/x/sys v0.0.0-20200116001909-b77594299b42/go.mod h1:h1NjWce9XRLGQEsW7wpKNCjG9DtNlClVuFLEZdDNbEs=
golang.org/x/sys v0.0.0-20200223170610-d5e6a3e2c0ae/go.mod h1:h1NjWce9XRLGQEsW7wpKNCjG9DtNlClVuFLEZdDNbEs=
golang.org/x/sys v0.0.0-20200323222414-85ca7c5b95cd/go.mod h1:h1NjWce9XRLGQEsW7wpKNCjG9DtNlClVuFLEZdDNbEs=
golang.org/x/sys v0.0.0-20200930185726-fdedc70b468f/go.mod h1:h1NjWce9XRLGQEsW7wpKNCjG9DtNlClVuFLEZdDNbEs=
golang.org/x/sys v0.0.0-20201119102817-f84b799fce68/go.mod h1:h1NjWce9XRLGQEsW7wpKNCjG9DtNlClVuFLEZdDNbEs=
golang.org/x/sys v0.0.0-20210414055047-fe65e336abe0/go.mod h1:h1NjWce9XRLGQEsW7wpKNCjG9DtNlClVuFLEZdDNbEs=
golang.org/x/sys v0.0.0-20210423082822-04245dca01da/go.mod h1:h1NjWce9XRLGQEsW7wpKNCjG9DtNlClVuFLEZdDNbEs=
golang.org/x/sys v0.0.0-20210615035016-665e8c7367d1/go.mod h1:oPkhp1MJrh7nUepCBck5+mAzfO9JrbApNNgaTdGDITg=
golang.org/x/sys v0.0.0-20210630005230-0f9fa26af87c/go.mod h1:oPkhp1MJrh7nUepCBck5+mAzfO9JrbApNNgaTdGDITg=
golang.org/x/sys v0.0.0-20210809222454-d867a43fc93e/go.mod h1:oPkhp1MJrh7nUepCBck5+mAzfO9JrbApNNgaTdGDITg=
golang.org/x/sys v0.0.0-20211216021012-1d35b9e2eb4e/go.mod h1:oPkhp1MJrh7nUepCBck5+mAzfO9JrbApNNgaTdGDITg=
golang.org/x/sys v0.0.0-20220520151302-bc2c85ada10a/go.mod h1:oPkhp1MJrh7nUepCBck5+mAzfO9JrbApNNgaTdGDITg=
golang.org/x/sys v0.0.0-20220722155257-8c9f86f7a55f/go.mod h1:oPkhp1MJrh7nUepCBck5+mAzfO9JrbApNNgaTdGDITg=
golang.org/x/sys v0.6.0/go.mod h1:oPkhp1MJrh7nUepCBck5+mAzfO9JrbApNNgaTdGDITg=
golang.org/x/sys v0.31.0 h1:ioabZlmFYtWhL+TRYpcnNlLwhyxaM9kWTDEmfnprqik=
golang.org/x/sys v0.31.0/go.mod h1:BJP2sWEmIv4KK5OTEluFJCKSidICx8ciO85XgH3Ak8k=
golang.org/x/term v0.0.0-20201126162022-7de9c90e9dd1/go.mod h1:bj7SfCRtBDWHUb9snDiAeCFNEtKQo2Wmx5Cou7ajbmo=
golang.org/x/term v0.0.0-20210927222741-03fcf44c2211/go.mod h1:jbD1KX2456YbFQfuXm/mYQcufACuNUgVhRMnK/tPxf8=
golang.org/x/text v0.3.0/go.mod h1:NqM8EUOU14njkJ3fqMW+pc6Ldnwhi/IjpwHt7yyuwOQ=
golang.org/x/text v0.3.3/go.mod h1:5Zoc/QRtKVWzQhOtBMvqHzDpF6irO9z98xDceosuGiQ=
golang.org/x/text v0.3.5/go.mod h1:5Zoc/QRtKVWzQhOtBMvqHzDpF6irO9z98xDceosuGiQ=
golang.org/x/text v0.3.6/go.mod h1:5Zoc/QRtKVWzQhOtBMvqHzDpF6irO9z98xDceosuGiQ=
golang.org/x/text v0.3.7/go.mod h1:u+2+/6zg+i71rQMx5EYifcz6MCKuco9NR6JIITiCfzQ=
golang.org/x/text v0.3.8/go.mod h1:E6s5w1FMmriuDzIBO73fBruAKo1PCIq6d2Q6DHfQ8WQ=
golang.org/x/text v0.23.0 h1:D71I7dUrlY+VX0gQShAThNGHFxZ13dGLBHQLVl1mJlY=
golang.org/x/text v0.23.0/go.mod h1:/BLNzu4aZCJ1+kcD0DNRotWKage4q2rGVAg4o22unh4=
golang.org/x/tools v0.0.0-20180917221912-90fa682c2a6e/go.mod h1:n7NCudcB/nEzxVGmLbDWY5pfWTLqBcC2KZ6jyYvM4mQ=
golang.org/x/tools v0.0.0-20190328211700-ab21143f2384/go.mod h1:LCzVGOaR6xXOjkQ3onu1FJEFr0SW1gC7cKk1uF8kGRs=
golang.org/x/tools v0.0.0-20190425150028-36563e24a262/go.mod h1:RgjU9mgBXZiqYHBnxXauZ1Gv1EHHAz9KjViQ78xBX0Q=
golang.org/x/tools v0.0.0-20191119224855-298f0cb1881e/go.mod h1:b+2E5dAYhXwXZwtnZ6UAqBI28+e2cm9otk0dWdXHAEo=
golang.org/x/tools v0.1.12/go.mod h1:hNGJHUnrk76NpqgfD5Aqm5Crs+Hm0VOH/i9J2+nxYbc=
golang.org/x/xerrors v0.0.0-20190717185122-a985d3407aa7/go.mod h1:I/5z698sn9Ka8TeJc9MKroUUfqBBauWjQqLJ2OPfmY0=
golang.org/x/xerrors v0.0.0-20191204190536-9bdfabe68543/go.mod h1:I/5z698sn9Ka8TeJc9MKroUUfqBBauWjQqLJ2OPfmY0=
golang.org/x/xerrors v0.0.0-20200804184101-5ec99f83aff1/go.mod h1:I/5z698sn9Ka8TeJc9MKroUUfqBBauWjQqLJ2OPfmY0=
gopkg.in/avro.v0 v0.0.0-20171217001914-a730b5802183 h1:PGIdqvwfpMUyUP+QAlAnKTSWQ671SmYjoou2/5j7HXk=
gopkg.in/avro.v0 v0.0.0-20171217001914-a730b5802183/go.mod h1:FvqrFXt+jCsyQibeRv4xxEJBL5iG2DDW5aeJwzDiq4A=
gopkg.in/check.v1 v0.0.0-20161208181325-20d25e280405/go.mod h1:Co6ibVJAznAaIkqp8huTwlJQCZ016jof/cbN4VW5Yz0=
gopkg.in/check.v1 v1.0.0-20201130134442-10cb98267c6c h1:Hei/4ADfdWqJk1ZMxUNpqntNwaWcugrBjAiHlqqRiVk=
gopkg.in/check.v1 v1.0.0-20201130134442-10cb98267c6c/go.mod h1:JHkPIbrfpd72SG/EVd6muEfDQjcINNoR0C8j2r3qZ4Q=
gopkg.in/tomb.v1 v1.0.0-20141024135613-dd632973f1e7/go.mod h1:dt/ZhP58zS4L8KSrWDmTeBkI65Dw0HsyUHuEVlX15mw=
gopkg.in/yaml.v2 v2.2.2/go.mod h1:hI93XBmqTisBFMUTm0b8Fm+jr3Dg1NNxqwp+5A1VGuI=
gopkg.in/yaml.v2 v2.2.3/go.mod h1:hI93XBmqTisBFMUTm0b8Fm+jr3Dg1NNxqwp+5A1VGuI=
gopkg.in/yaml.v2 v2.2.8/go.mod h1:hI93XBmqTisBFMUTm0b8Fm+jr3Dg1NNxqwp+5A1VGuI=
gopkg.in/yaml.v2 v2.4.0 h1:D8xgwECY7CYvx+Y2n4sBz93Jn9JRvxdiyyo8CTfuKaY=
gopkg.in/yaml.v2 v2.4.0/go.mod h1:RDklbk79AGWmwhnvt/jBztapEOGDOx6ZbXqjP6csGnQ=
gopkg.in/yaml.v3 v3.0.0-20200313102051-9f266ea9e77c/go.mod h1:K4uyk7z7BCEPqu6E+C64Yfv1cQ7kz7rIZviUmN+EgEM=
gopkg.in/yaml.v3 v3.0.0-20210107192922-496545a6307b/go.mod h1:K4uyk7z7BCEPqu6E+C64Yfv1cQ7kz7rIZviUmN+EgEM=
gopkg.in/yaml.v3 v3.0.1 h1:fxVm/GzAzEWqLHuvctI91KS9hhNmmWOoWu0XTYJS7CA=
gopkg.in/yaml.v3 v3.0.1/go.mod h1:K4uyk7z7BCEPqu6E+C64Yfv1cQ7kz7rIZviUmN+EgEM=
